Microsoft Visual Studio Solution File, Format Version 12.00
# Visual Studio 2012
Project("{FAE04EC0-301F-11D3-BF4B-00C04F79EFBC}") = "ThePerfect", "ThePerfect.csproj", "{67B9B70C-5AB7-41B2-9DE3-2DB81601B578}"
EndProject
Global
	GlobalSection(SolutionConfigurationPlatforms) = preSolution
	Debug|Any CPU = Debug|Any CPU
	ExportDebug|Any CPU = ExportDebug|Any CPU
	ExportRelease|Any CPU = ExportRelease|Any CPU
	EndGlobalSection
	GlobalSection(ProjectConfigurationPlatforms) = postSolution
		{67B9B70C-5AB7-41B2-9DE3-2DB81601B578}.Debug|Any CPU.ActiveCfg = Debug|Any CPU
		{67B9B70C-5AB7-41B2-9DE3-2DB81601B578}.Debug|Any CPU.Build.0 = Debug|Any CPU
		{67B9B70C-5AB7-41B2-9DE3-2DB81601B578}.ExportDebug|Any CPU.ActiveCfg = ExportDebug|Any CPU
		{67B9B70C-5AB7-41B2-9DE3-2DB81601B578}.ExportDebug|Any CPU.Build.0 = ExportDebug|Any CPU
		{67B9B70C-5AB7-41B2-9DE3-2DB81601B578}.ExportRelease|Any CPU.ActiveCfg = ExportRelease|Any CPU
		{67B9B70C-5AB7-41B2-9DE3-2DB81601B578}.ExportRelease|Any CPU.Build.0 = ExportRelease|Any CPU
	EndGlobalSection
EndGlobal
